lockfileVersion: '9.0'

settings:
  autoInstallPeers: true
  excludeLinksFromLockfile: false

importers:

  .:
    devDependencies:
      '@biomejs/biome':
        specifier: ^2.5.10
        version: 2.5.10
      '@bufbuild/protoc-gen-es':
        specifier: ^2.14.0
        version: 2.14.0(@bufbuild/protobuf@2.14.0)

  packages/protocol-buffers:
    dependencies:
      '@bufbuild/protobuf':
        specifier: ^2.14.0
        version: 2.14.0

packages:

  '@biomejs/biome@2.5.10':
    resolution: {integrity: sha512-WRKXARA3kTuiV5sxqTpobJ/I0MVd4vk3pOL6wnp5az4LntFIhWTj1RWZq3DI9PCEN3lXcqy7p5aqUHzvq8AXyQ==}
    engines: {node: '>=14.21.3'}
    hasBin: true

  '@biomejs/cli-darwin-arm64@2.5.10':
    resolution: {integrity: sha512-ItCrxKK6SXVT6flYs0qIuBd4AA3TTTl4d66Re6YI2FuGZnN85NmuYNzkiTJUyYw8qBLv69L5zTUB6uyWd++h3Q==}
    engines: {node: '>=14.21.3'}
    cpu: [arm64]
    os: [darwin]

  '@biomejs/cli-darwin-x64@2.5.10':
    resolution: {integrity: sha512-yLsPU9pAmtChXDu8vhKAzErqe+LeeYuwuUB2FZMkRitsmdodxsYRa9KHrFispsUHzzOu+9HB3nP/TQxyia+Sjw==}
    engines: {node: '>=14.21.3'}
    cpu: [x64]
    os: [darwin]

  '@biomejs/cli-linux-arm64-musl@2.5.10':
    resolution: {integrity: sha512-t1QAKZwQJRB4dvgJSgFiQ4BNfNPChg69BNonz854qLVxnjT3UvDzQg9mbkTJRu35ZqU0Rw10A73J8Urgbg2RPw==}
    engines: {node: '>=14.21.3'}
    cpu: [arm64]
    os: [linux]

  '@biomejs/cli-linux-arm64@2.5.10':
    resolution: {integrity: sha512-VG8uQW/86a1roLaIFvtIbEigxIdzdJ190oGyg1tV7VYeQtOS+x10sflk7WbuXgw91EtZX5DlIIIej1YqkNLlcg==}
    engines: {node: '>=14.21.3'}
    cpu: [arm64]
    os: [linux]

  '@biomejs/cli-linux-x64-musl@2.5.10':
    resolution: {integrity: sha512-pgDDqp9JybHm2I0KRgzN6i4+lt8xu4iqxUwLzglUMmOmyRTU1AYBGKzh9sNMOtIjah7xoWvKHlLVetvyifzoiQ==}
    engines: {node: '>=14.21.3'}
    cpu: [x64]
    os: [linux]

  '@biomejs/cli-linux-x64@2.5.10':
    resolution: {integrity: sha512-4O6T0eq2heoHZN0a9UX+rWQoxXEBaKf+lRi2hbsGlHneUz9BWXM76nEWMK7Eeq8gzMxR1khQB6BFpAASpeXqGg==}
    engines: {node: '>=14.21.3'}
    cpu: [x64]
    os: [linux]

  '@biomejs/cli-win32-arm64@2.5.10':
    resolution: {integrity: sha512-pxAbxduPO4xq/Cvgaa2lOrs9BB0hEXmmDqfMNP4ZOffGOkUrD1/QGw9UAMpFQpX2P8MqTIIRuQKcmetum4Oa6A==}
    engines: {node: '>=14.21.3'}
    cpu: [arm64]
    os: [win32]

  '@biomejs/cli-win32-x64@2.5.10':
    resolution: {integrity: sha512-M+2dgBsl3lXRiTfgPVc2p3anS4Tocojke4rzFLScZ2Y/wmF+36dRb1iHCLiyGqOzQGyTplZH1HnEYviiAqi3nA==}
    engines: {node: '>=14.21.3'}
    cpu: [x64]
    os: [win32]

  '@bufbuild/protobuf@2.14.0':
    resolution: {integrity: sha512-C3UGsiCwSprE2NKIIFA3hCDlpXTMCAXRZuEVp88L1GY36Y41+rYL5fryE+nOFhp4p4JPQvdV8PQ4DWgHgeTE+w==}

  '@bufbuild/protoc-gen-es@2.14.0':
    resolution: {integrity: sha512-/Rrui0BJWSRONiKGYzqWq9ivGN3+cYkmc47QWITufr7K6yDb8HfssuJUSQZeptyg/rHbHrfDzCUjzoJ2pwuafg==}
    engines: {node: '>=22'}
    hasBin: true
    peerDependencies:
      '@bufbuild/protobuf': 2.14.0
    peerDependenciesMeta:
      '@bufbuild/protobuf':
        optional: true

  '@bufbuild/protoplugin@2.14.0':
    resolution: {integrity: sha512-S0TvZhVtTEkZQRj2JsXBCXiib/b0+bLQtJCcn+hj9O/usgbcgxHn4D+ii22Ao3qj0/kKxVYeo7BtAI2dMk+iig==}

  '@typescript/vfs@1.6.4':
    resolution: {integrity: sha512-PJFXFS4ZJKiJ9Qiuix6Dz/OwEIqHD7Dme1UwZhTK11vR+5dqW2ACbdndWQexBzCx+CPuMe5WBYQWCsFyGlQLlQ==}
    peerDependencies:
      typescript: '*'

  debug@4.4.3:
    resolution: {integrity: sha512-RGwwWnwQvkVfavKVt22FGLw+xYSdzARwm0ru6DhTVA3umU5hZc28V3kO4stgYryrTlLpuvgI9GiijltAjNbcqA==}
    engines: {node: '>=6.0'}
    peerDependencies:
      supports-color: '*'
    peerDependenciesMeta:
      supports-color:
        optional: true

  ms@2.1.3:
    resolution: {integrity: sha512-6FlzubTLZG3J2a/NVCAleEhjzq5oxgHyaCU9yYXvcLsvoVaHJq/s5xXI6/XXP6tz7R9xAOtHnSO/tXtF3WRTlA==}

  typescript@5.4.5:
    resolution: {integrity: sha512-vcI4UpRgg81oIRUFwR0WSIHKt11nJ7SAVlYNIu+QpqeyXP+gpQJy/Z4+F0aGxSE4MqwjyXvW/TzgkLAx2AGHwQ==}
    engines: {node: '>=14.17'}
    hasBin: true

snapshots:

  '@biomejs/biome@2.5.10':
    optionalDependencies:
      '@biomejs/cli-darwin-arm64': 2.5.10
      '@biomejs/cli-darwin-x64': 2.5.10
      '@biomejs/cli-linux-arm64': 2.5.10
      '@biomejs/cli-linux-arm64-musl': 2.5.10
      '@biomejs/cli-linux-x64': 2.5.10
      '@biomejs/cli-linux-x64-musl': 2.5.10
      '@biomejs/cli-win32-arm64': 2.5.10
      '@biomejs/cli-win32-x64': 2.5.10

  '@biomejs/cli-darwin-arm64@2.5.10':
    optional: true

  '@biomejs/cli-darwin-x64@2.5.10':
    optional: true

  '@biomejs/cli-linux-arm64-musl@2.5.10':
    optional: true

  '@biomejs/cli-linux-arm64@2.5.10':
    optional: true

  '@biomejs/cli-linux-x64-musl@2.5.10':
    optional: true

  '@biomejs/cli-linux-x64@2.5.10':
    optional: true

  '@biomejs/cli-win32-arm64@2.5.10':
    optional: true

  '@biomejs/cli-win32-x64@2.5.10':
    optional: true

  '@bufbuild/protobuf@2.14.0': {}

  '@bufbuild/protoc-gen-es@2.14.0(@bufbuild/protobuf@2.14.0)':
    dependencies:
      '@bufbuild/protoplugin': 2.14.0
    optionalDependencies:
      '@bufbuild/protobuf': 2.14.0
    transitivePeerDependencies:
      - supports-color

  '@bufbuild/protoplugin@2.14.0':
    dependencies:
      '@bufbuild/protobuf': 2.14.0
      '@typescript/vfs': 1.6.4(typescript@5.4.5)
      typescript: 5.4.5
    transitivePeerDependencies:
      - supports-color

  '@typescript/vfs@1.6.4(typescript@5.4.5)':
    dependencies:
      debug: 4.4.3
      typescript: 5.4.5
    transitivePeerDependencies:
      - supports-color

  debug@4.4.3:
    dependencies:
      ms: 2.1.3

  ms@2.1.3: {}

  typescript@5.4.5: {}
